
Microsoft Visual Studio Solution File, Format Version 12.00
# Visual Studio Version 17
VisualStudioVersion = 17.0.31903.59
MinimumVisualStudioVersion = 10.0.40219.1
Project("{FAE04EC0-301F-11D3-BF4B-00C04F79EFBC}") = "GATEINFO.CLI", "GATEINFO.CLI\GATEINFO.CLI.csproj", "{9A1AF115-FFA8-47F7-A4D3-BFAD361C1ED4}"
EndProject
Project("{FAE04EC0-301F-11D3-BF4B-00C04F79EFBC}") = "GATEINFO.Core", "GATEINFO.Core\GATEINFO.Core.csproj", "{8E50F0D6-17CA-46ED-97BB-A2E46DA34498}"
EndProject
Project("{FAE04EC0-301F-11D3-BF4B-00C04F79EFBC}") = "GATEINFO.Services", "GATEINFO.Services\GATEINFO.Services.csproj", "{218B3989-B884-45F4-B104-CED413183B9E}"
EndProject
Project("{FAE04EC0-301F-11D3-BF4B-00C04F79EFBC}") = "GATEINFO.Tests", "GATEINFO.Tests\GATEINFO.Tests.csproj", "{BBFB4F34-1168-458E-A3AB-56998190ED99}"
EndProject
Global
	GlobalSection(SolutionConfigurationPlatforms) = preSolution
		Debug|Any CPU = Debug|Any CPU
		Debug|x64 = Debug|x64
		Debug|x86 = Debug|x86
		Release|Any CPU = Release|Any CPU
		Release|x64 = Release|x64
		Release|x86 = Release|x86
	EndGlobalSection
	GlobalSection(ProjectConfigurationPlatforms) = postSolution
		{9A1AF115-FFA8-47F7-A4D3-BFAD361C1ED4}.Debug|Any CPU.ActiveCfg = Debug|Any CPU
		{9A1AF115-FFA8-47F7-A4D3-BFAD361C1ED4}.Debug|Any CPU.Build.0 = Debug|Any CPU
		{9A1AF115-FFA8-47F7-A4D3-BFAD361C1ED4}.Debug|x64.ActiveCfg = Debug|Any CPU
		{9A1AF115-FFA8-47F7-A4D3-BFAD361C1ED4}.Debug|x64.Build.0 = Debug|Any CPU
		{9A1AF115-FFA8-47F7-A4D3-BFAD361C1ED4}.Debug|x86.ActiveCfg = Debug|Any CPU
		{9A1AF115-FFA8-47F7-A4D3-BFAD361C1ED4}.Debug|x86.Build.0 = Debug|Any CPU
		{9A1AF115-FFA8-47F7-A4D3-BFAD361C1ED4}.Release|Any CPU.ActiveCfg = Release|Any CPU
		{9A1AF115-FFA8-47F7-A4D3-BFAD361C1ED4}.Release|Any CPU.Build.0 = Release|Any CPU
		{9A1AF115-FFA8-47F7-A4D3-BFAD361C1ED4}.Release|x64.ActiveCfg = Release|Any CPU
		{9A1AF115-FFA8-47F7-A4D3-BFAD361C1ED4}.Release|x64.Build.0 = Release|Any CPU
		{9A1AF115-FFA8-47F7-A4D3-BFAD361C1ED4}.Release|x86.ActiveCfg = Release|Any CPU
		{9A1AF115-FFA8-47F7-A4D3-BFAD361C1ED4}.Release|x86.Build.0 = Release|Any CPU
		{8E50F0D6-17CA-46ED-97BB-A2E46DA34498}.Debug|Any CPU.ActiveCfg = Debug|Any CPU
		{8E50F0D6-17CA-46ED-97BB-A2E46DA34498}.Debug|Any CPU.Build.0 = Debug|Any CPU
		{8E50F0D6-17CA-46ED-97BB-A2E46DA34498}.Debug|x64.ActiveCfg = Debug|Any CPU
		{8E50F0D6-17CA-46ED-97BB-A2E46DA34498}.Debug|x64.Build.0 = Debug|Any CPU
		{8E50F0D6-17CA-46ED-97BB-A2E46DA34498}.Debug|x86.ActiveCfg = Debug|Any CPU
		{8E50F0D6-17CA-46ED-97BB-A2E46DA34498}.Debug|x86.Build.0 = Debug|Any CPU
		{8E50F0D6-17CA-46ED-97BB-A2E46DA34498}.Release|Any CPU.ActiveCfg = Release|Any CPU
		{8E50F0D6-17CA-46ED-97BB-A2E46DA34498}.Release|Any CPU.Build.0 = Release|Any CPU
		{8E50F0D6-17CA-46ED-97BB-A2E46DA34498}.Release|x64.ActiveCfg = Release|Any CPU
		{8E50F0D6-17CA-46ED-97BB-A2E46DA34498}.Release|x64.Build.0 = Release|Any CPU
		{8E50F0D6-17CA-46ED-97BB-A2E46DA34498}.Release|x86.ActiveCfg = Release|Any CPU
		{8E50F0D6-17CA-46ED-97BB-A2E46DA34498}.Release|x86.Build.0 = Release|Any CPU
		{218B3989-B884-45F4-B104-CED413183B9E}.Debug|Any CPU.ActiveCfg = Debug|Any CPU
		{218B3989-B884-45F4-B104-CED413183B9E}.Debug|Any CPU.Build.0 = Debug|Any CPU
		{218B3989-B884-45F4-B104-CED413183B9E}.Debug|x64.ActiveCfg = Debug|Any CPU
		{218B3989-B884-45F4-B104-CED413183B9E}.Debug|x64.Build.0 = Debug|Any CPU
		{218B3989-B884-45F4-B104-CED413183B9E}.Debug|x86.ActiveCfg = Debug|Any CPU
		{218B3989-B884-45F4-B104-CED413183B9E}.Debug|x86.Build.0 = Debug|Any CPU
		{218B3989-B884-45F4-B104-CED413183B9E}.Release|Any CPU.ActiveCfg = Release|Any CPU
		{218B3989-B884-45F4-B104-CED413183B9E}.Release|Any CPU.Build.0 = Release|Any CPU
		{218B3989-B884-45F4-B104-CED413183B9E}.Release|x64.ActiveCfg = Release|Any CPU
		{218B3989-B884-45F4-B104-CED413183B9E}.Release|x64.Build.0 = Release|Any CPU
		{218B3989-B884-45F4-B104-CED413183B9E}.Release|x86.ActiveCfg = Release|Any CPU
		{218B3989-B884-45F4-B104-CED413183B9E}.Release|x86.Build.0 = Release|Any CPU
		{BBFB4F34-1168-458E-A3AB-56998190ED99}.Debug|Any CPU.ActiveCfg = Debug|Any CPU
		{BBFB4F34-1168-458E-A3AB-56998190ED99}.Debug|Any CPU.Build.0 = Debug|Any CPU
		{BBFB4F34-1168-458E-A3AB-56998190ED99}.Debug|x64.ActiveCfg = Debug|Any CPU
		{BBFB4F34-1168-458E-A3AB-56998190ED99}.Debug|x64.Build.0 = Debug|Any CPU
		{BBFB4F34-1168-458E-A3AB-56998190ED99}.Debug|x86.ActiveCfg = Debug|Any CPU
		{BBFB4F34-1168-458E-A3AB-56998190ED99}.Debug|x86.Build.0 = Debug|Any CPU
		{BBFB4F34-1168-458E-A3AB-56998190ED99}.Release|Any CPU.ActiveCfg = Release|Any CPU
		{BBFB4F34-1168-458E-A3AB-56998190ED99}.Release|Any CPU.Build.0 = Release|Any CPU
		{BBFB4F34-1168-458E-A3AB-56998190ED99}.Release|x64.ActiveCfg = Release|Any CPU
		{BBFB4F34-1168-458E-A3AB-56998190ED99}.Release|x64.Build.0 = Release|Any CPU
		{BBFB4F34-1168-458E-A3AB-56998190ED99}.Release|x86.ActiveCfg = Release|Any CPU
		{BBFB4F34-1168-458E-A3AB-56998190ED99}.Release|x86.Build.0 = Release|Any CPU
	EndGlobalSection
	GlobalSection(SolutionProperties) = preSolution
		HideSolutionNode = FALSE
	EndGlobalSection
EndGlobal
