
Microsoft Visual Studio Solution File, Format Version 12.00
# Visual Studio Version 17
VisualStudioVersion = 17.0.31903.59
MinimumVisualStudioVersion = 10.0.40219.1
Project("{FAE04EC0-301F-11D3-BF4B-00C04F79EFBC}") = "FLIGHTSTATUS.CLI", "FLIGHTSTATUS.CLI\FLIGHTSTATUS.CLI.csproj", "{DF950846-FE41-4BA2-8959-47751B98DCD9}"
EndProject
Project("{FAE04EC0-301F-11D3-BF4B-00C04F79EFBC}") = "FLIGHTSTATUS.Core", "FLIGHTSTATUS.Core\FLIGHTSTATUS.Core.csproj", "{D444D850-F9EC-4B89-B148-11831FDFE59C}"
EndProject
Project("{FAE04EC0-301F-11D3-BF4B-00C04F79EFBC}") = "FLIGHTSTATUS.Services", "FLIGHTSTATUS.Services\FLIGHTSTATUS.Services.csproj", "{C949CF5F-05F3-4DF2-9B9E-B7E1B36974D1}"
EndProject
Project("{FAE04EC0-301F-11D3-BF4B-00C04F79EFBC}") = "FLIGHTSTATUS.Tests", "FLIGHTSTATUS.Tests\FLIGHTSTATUS.Tests.csproj", "{38BBD261-2D43-4191-B7AD-B44548190218}"
EndProject
Global
	GlobalSection(SolutionConfigurationPlatforms) = preSolution
		Debug|Any CPU = Debug|Any CPU
		Debug|x64 = Debug|x64
		Debug|x86 = Debug|x86
		Release|Any CPU = Release|Any CPU
		Release|x64 = Release|x64
		Release|x86 = Release|x86
	EndGlobalSection
	GlobalSection(ProjectConfigurationPlatforms) = postSolution
		{DF950846-FE41-4BA2-8959-47751B98DCD9}.Debug|Any CPU.ActiveCfg = Debug|Any CPU
		{DF950846-FE41-4BA2-8959-47751B98DCD9}.Debug|Any CPU.Build.0 = Debug|Any CPU
		{DF950846-FE41-4BA2-8959-47751B98DCD9}.Debug|x64.ActiveCfg = Debug|Any CPU
		{DF950846-FE41-4BA2-8959-47751B98DCD9}.Debug|x64.Build.0 = Debug|Any CPU
		{DF950846-FE41-4BA2-8959-47751B98DCD9}.Debug|x86.ActiveCfg = Debug|Any CPU
		{DF950846-FE41-4BA2-8959-47751B98DCD9}.Debug|x86.Build.0 = Debug|Any CPU
		{DF950846-FE41-4BA2-8959-47751B98DCD9}.Release|Any CPU.ActiveCfg = Release|Any CPU
		{DF950846-FE41-4BA2-8959-47751B98DCD9}.Release|Any CPU.Build.0 = Release|Any CPU
		{DF950846-FE41-4BA2-8959-47751B98DCD9}.Release|x64.ActiveCfg = Release|Any CPU
		{DF950846-FE41-4BA2-8959-47751B98DCD9}.Release|x64.Build.0 = Release|Any CPU
		{DF950846-FE41-4BA2-8959-47751B98DCD9}.Release|x86.ActiveCfg = Release|Any CPU
		{DF950846-FE41-4BA2-8959-47751B98DCD9}.Release|x86.Build.0 = Release|Any CPU
		{D444D850-F9EC-4B89-B148-11831FDFE59C}.Debug|Any CPU.ActiveCfg = Debug|Any CPU
		{D444D850-F9EC-4B89-B148-11831FDFE59C}.Debug|Any CPU.Build.0 = Debug|Any CPU
		{D444D850-F9EC-4B89-B148-11831FDFE59C}.Debug|x64.ActiveCfg = Debug|Any CPU
		{D444D850-F9EC-4B89-B148-11831FDFE59C}.Debug|x64.Build.0 = Debug|Any CPU
		{D444D850-F9EC-4B89-B148-11831FDFE59C}.Debug|x86.ActiveCfg = Debug|Any CPU
		{D444D850-F9EC-4B89-B148-11831FDFE59C}.Debug|x86.Build.0 = Debug|Any CPU
		{D444D850-F9EC-4B89-B148-11831FDFE59C}.Release|Any CPU.ActiveCfg = Release|Any CPU
		{D444D850-F9EC-4B89-B148-11831FDFE59C}.Release|Any CPU.Build.0 = Release|Any CPU
		{D444D850-F9EC-4B89-B148-11831FDFE59C}.Release|x64.ActiveCfg = Release|Any CPU
		{D444D850-F9EC-4B89-B148-11831FDFE59C}.Release|x64.Build.0 = Release|Any CPU
		{D444D850-F9EC-4B89-B148-11831FDFE59C}.Release|x86.ActiveCfg = Release|Any CPU
		{D444D850-F9EC-4B89-B148-11831FDFE59C}.Release|x86.Build.0 = Release|Any CPU
		{C949CF5F-05F3-4DF2-9B9E-B7E1B36974D1}.Debug|Any CPU.ActiveCfg = Debug|Any CPU
		{C949CF5F-05F3-4DF2-9B9E-B7E1B36974D1}.Debug|Any CPU.Build.0 = Debug|Any CPU
		{C949CF5F-05F3-4DF2-9B9E-B7E1B36974D1}.Debug|x64.ActiveCfg = Debug|Any CPU
		{C949CF5F-05F3-4DF2-9B9E-B7E1B36974D1}.Debug|x64.Build.0 = Debug|Any CPU
		{C949CF5F-05F3-4DF2-9B9E-B7E1B36974D1}.Debug|x86.ActiveCfg = Debug|Any CPU
		{C949CF5F-05F3-4DF2-9B9E-B7E1B36974D1}.Debug|x86.Build.0 = Debug|Any CPU
		{C949CF5F-05F3-4DF2-9B9E-B7E1B36974D1}.Release|Any CPU.ActiveCfg = Release|Any CPU
		{C949CF5F-05F3-4DF2-9B9E-B7E1B36974D1}.Release|Any CPU.Build.0 = Release|Any CPU
		{C949CF5F-05F3-4DF2-9B9E-B7E1B36974D1}.Release|x64.ActiveCfg = Release|Any CPU
		{C949CF5F-05F3-4DF2-9B9E-B7E1B36974D1}.Release|x64.Build.0 = Release|Any CPU
		{C949CF5F-05F3-4DF2-9B9E-B7E1B36974D1}.Release|x86.ActiveCfg = Release|Any CPU
		{C949CF5F-05F3-4DF2-9B9E-B7E1B36974D1}.Release|x86.Build.0 = Release|Any CPU
		{38BBD261-2D43-4191-B7AD-B44548190218}.Debug|Any CPU.ActiveCfg = Debug|Any CPU
		{38BBD261-2D43-4191-B7AD-B44548190218}.Debug|Any CPU.Build.0 = Debug|Any CPU
		{38BBD261-2D43-4191-B7AD-B44548190218}.Debug|x64.ActiveCfg = Debug|Any CPU
		{38BBD261-2D43-4191-B7AD-B44548190218}.Debug|x64.Build.0 = Debug|Any CPU
		{38BBD261-2D43-4191-B7AD-B44548190218}.Debug|x86.ActiveCfg = Debug|Any CPU
		{38BBD261-2D43-4191-B7AD-B44548190218}.Debug|x86.Build.0 = Debug|Any CPU
		{38BBD261-2D43-4191-B7AD-B44548190218}.Release|Any CPU.ActiveCfg = Release|Any CPU
		{38BBD261-2D43-4191-B7AD-B44548190218}.Release|Any CPU.Build.0 = Release|Any CPU
		{38BBD261-2D43-4191-B7AD-B44548190218}.Release|x64.ActiveCfg = Release|Any CPU
		{38BBD261-2D43-4191-B7AD-B44548190218}.Release|x64.Build.0 = Release|Any CPU
		{38BBD261-2D43-4191-B7AD-B44548190218}.Release|x86.ActiveCfg = Release|Any CPU
		{38BBD261-2D43-4191-B7AD-B44548190218}.Release|x86.Build.0 = Release|Any CPU
	EndGlobalSection
	GlobalSection(SolutionProperties) = preSolution
		HideSolutionNode = FALSE
	EndGlobalSection
EndGlobal
